
Microsoft Visual Studio Solution File, Format Version 12.00
# Visual Studio 15
VisualStudioVersion = 15.0.27130.2010
MinimumVisualStudioVersion = 10.0.40219.1
Project("{FAE04EC0-301F-11D3-BF4B-00C04F79EFBC}") = "TestingSamples", "TestingSamples\TestingSamples.csproj", "{A2D8CD20-29B6-4559-A48E-4B1B9D8F01DF}"
EndProject
Global
	GlobalSection(SolutionConfigurationPlatforms) = preSolution
		Debug|Any CPU = Debug|Any CPU
		Release|Any CPU = Release|Any CPU
	EndGlobalSection
	GlobalSection(ProjectConfigurationPlatforms) = postSolution
		{A2D8CD20-29B6-4559-A48E-4B1B9D8F01DF}.Debug|Any CPU.ActiveCfg = Debug|Any CPU
		{A2D8CD20-29B6-4559-A48E-4B1B9D8F01DF}.Debug|Any CPU.Build.0 = Debug|Any CPU
		{A2D8CD20-29B6-4559-A48E-4B1B9D8F01DF}.Release|Any CPU.ActiveCfg = Release|Any CPU
		{A2D8CD20-29B6-4559-A48E-4B1B9D8F01DF}.Release|Any CPU.Build.0 = Release|Any CPU
	EndGlobalSection
	GlobalSection(SolutionProperties) = preSolution
		HideSolutionNode = FALSE
	EndGlobalSection
	GlobalSection(ExtensibilityGlobals) = postSolution
		SolutionGuid = {4F204689-F9B7-429E-9C5C-BD43EA9CB38A}
	EndGlobalSection
EndGlobal
